
Microsoft Visual Studio Solution File, Format Version 12.00
# Visual Studio Version 16
VisualStudioVersion = 16.0.29911.84
MinimumVisualStudioVersion = 10.0.40219.1
Project("{FAE04EC0-301F-11D3-BF4B-00C04F79EFBC}") = "PawsitivelyBestDogWalkerPart2", "PawsitivelyBestDogWalkerPart2\PawsitivelyBestDogWalkerPart2.csproj", "{C67B65C4-580C-45AB-8482-86A9BC0CA735}"
EndProject
Global
	GlobalSection(SolutionConfigurationPlatforms) = preSolution
		Debug|Any CPU = Debug|Any CPU
		Release|Any CPU = Release|Any CPU
	EndGlobalSection
	GlobalSection(ProjectConfigurationPlatforms) = postSolution
		{C67B65C4-580C-45AB-8482-86A9BC0CA735}.Debug|Any CPU.ActiveCfg = Debug|Any CPU
		{C67B65C4-580C-45AB-8482-86A9BC0CA735}.Debug|Any CPU.Build.0 = Debug|Any CPU
		{C67B65C4-580C-45AB-8482-86A9BC0CA735}.Release|Any CPU.ActiveCfg = Release|Any CPU
		{C67B65C4-580C-45AB-8482-86A9BC0CA735}.Release|Any CPU.Build.0 = Release|Any CPU
	EndGlobalSection
	GlobalSection(SolutionProperties) = preSolution
		HideSolutionNode = FALSE
	EndGlobalSection
	GlobalSection(ExtensibilityGlobals) = postSolution
		SolutionGuid = {D355E44A-E333-4024-9A48-DF9C1170EF5B}
	EndGlobalSection
EndGlobal
